
Microsoft Visual Studio Solution File, Format Version 12.00
# Visual Studio Version 17
VisualStudioVersion = 17.10.35027.167
MinimumVisualStudioVersion = 10.0.40219.1
Project("{FAE04EC0-301F-11D3-BF4B-00C04F79EFBC}") = "Sigenco", "Sigenco\Sigenco.csproj", "{B061230E-68DD-40DC-BFB5-1E4A9C062653}"
EndProject
Global
	GlobalSection(SolutionConfigurationPlatforms) = preSolution
		Debug|Any CPU = Debug|Any CPU
		Release|Any CPU = Release|Any CPU
	EndGlobalSection
	GlobalSection(ProjectConfigurationPlatforms) = postSolution
		{B061230E-68DD-40DC-BFB5-1E4A9C062653}.Debug|Any CPU.ActiveCfg = Debug|Any CPU
		{B061230E-68DD-40DC-BFB5-1E4A9C062653}.Debug|Any CPU.Build.0 = Debug|Any CPU
		{B061230E-68DD-40DC-BFB5-1E4A9C062653}.Release|Any CPU.ActiveCfg = Release|Any CPU
		{B061230E-68DD-40DC-BFB5-1E4A9C062653}.Release|Any CPU.Build.0 = Release|Any CPU
	EndGlobalSection
	GlobalSection(SolutionProperties) = preSolution
		HideSolutionNode = FALSE
	EndGlobalSection
	GlobalSection(ExtensibilityGlobals) = postSolution
		SolutionGuid = {B9C4A1EC-2FE5-4FBA-B2DF-97E98C69E3E4}
	EndGlobalSection
EndGlobal
